
Microsoft Visual Studio Solution File, Format Version 12.00
# Visual Studio Version 17
VisualStudioVersion = 17.7.34221.43
MinimumVisualStudioVersion = 10.0.40219.1
Project("{9A19103F-16F7-4668-BE54-9A1E7A4F7556}") = "SpriteDetector", "SpriteDetector\SpriteDetector.csproj", "{0A3E7A06-2A7A-4A9D-AE95-79B12C378692}"
EndProject
Global
	GlobalSection(SolutionConfigurationPlatforms) = preSolution
		Debug|Any CPU = Debug|Any CPU
		Release|Any CPU = Release|Any CPU
	EndGlobalSection
	GlobalSection(ProjectConfigurationPlatforms) = postSolution
		{0A3E7A06-2A7A-4A9D-AE95-79B12C378692}.Debug|Any CPU.ActiveCfg = Debug|Any CPU
		{0A3E7A06-2A7A-4A9D-AE95-79B12C378692}.Debug|Any CPU.Build.0 = Debug|Any CPU
		{0A3E7A06-2A7A-4A9D-AE95-79B12C378692}.Release|Any CPU.ActiveCfg = Release|Any CPU
		{0A3E7A06-2A7A-4A9D-AE95-79B12C378692}.Release|Any CPU.Build.0 = Release|Any CPU
	EndGlobalSection
	GlobalSection(SolutionProperties) = preSolution
		HideSolutionNode = FALSE
	EndGlobalSection
	GlobalSection(ExtensibilityGlobals) = postSolution
		SolutionGuid = {89E23B58-6D8A-496A-BE18-5376D60923D9}
	EndGlobalSection
EndGlobal
